
Microsoft Visual Studio Solution File, Format Version 12.00
# Visual Studio Version 16
VisualStudioVersion = 16.0.30517.126
MinimumVisualStudioVersion = 10.0.40219.1
Project("{FAE04EC0-301F-11D3-BF4B-00C04F79EFBC}") = "Proyecto_HRPS", "Proyecto_HRPS\Proyecto_HRPS.csproj", "{AE9F9769-E402-4B26-B520-E9AC46C34EAE}"
EndProject
Global
	GlobalSection(SolutionConfigurationPlatforms) = preSolution
		Debug|Any CPU = Debug|Any CPU
		Release|Any CPU = Release|Any CPU
	EndGlobalSection
	GlobalSection(ProjectConfigurationPlatforms) = postSolution
		{AE9F9769-E402-4B26-B520-E9AC46C34EAE}.Debug|Any CPU.ActiveCfg = Debug|Any CPU
		{AE9F9769-E402-4B26-B520-E9AC46C34EAE}.Debug|Any CPU.Build.0 = Debug|Any CPU
		{AE9F9769-E402-4B26-B520-E9AC46C34EAE}.Release|Any CPU.ActiveCfg = Release|Any CPU
		{AE9F9769-E402-4B26-B520-E9AC46C34EAE}.Release|Any CPU.Build.0 = Release|Any CPU
	EndGlobalSection
	GlobalSection(SolutionProperties) = preSolution
		HideSolutionNode = FALSE
	EndGlobalSection
	GlobalSection(ExtensibilityGlobals) = postSolution
		EnterpriseLibraryConfigurationToolBinariesPathV6 = packages\EnterpriseLibrary.Common.6.0.1304.0\lib\NET45;packages\EnterpriseLibrary.Data.6.0.1304.0\lib\NET45
		SolutionGuid = {C517FA8C-9A31-42AF-B6A8-ECB71903BDD0}
	EndGlobalSection
EndGlobal
